
Microsoft Visual Studio Solution File, Format Version 12.00
# Visual Studio 15
VisualStudioVersion = 15.0.27004.2009
MinimumVisualStudioVersion = 10.0.40219.1
Project("{2150E333-8FDC-42A3-9474-1A3956D46DE8}") = "src", "src", "{0D7AEFA3-ABB0-4AF1-A4C1-F8E05C241753}"
EndProject
Project("{9A19103F-16F7-4668-BE54-9A1E7A4F7556}") = "AspNetCoreUploadingProgress", "src\AspNetCoreUploadingProgress\AspNetCoreUploadingProgress.csproj", "{B511B595-A980-4D5C-BC2A-BCCB4065B433}"
EndProject
Global
	GlobalSection(SolutionConfigurationPlatforms) = preSolution
		Debug|Any CPU = Debug|Any CPU
		Release|Any CPU = Release|Any CPU
	EndGlobalSection
	GlobalSection(ProjectConfigurationPlatforms) = postSolution
		{B511B595-A980-4D5C-BC2A-BCCB4065B433}.Debug|Any CPU.ActiveCfg = Debug|Any CPU
		{B511B595-A980-4D5C-BC2A-BCCB4065B433}.Debug|Any CPU.Build.0 = Debug|Any CPU
		{B511B595-A980-4D5C-BC2A-BCCB4065B433}.Release|Any CPU.ActiveCfg = Release|Any CPU
		{B511B595-A980-4D5C-BC2A-BCCB4065B433}.Release|Any CPU.Build.0 = Release|Any CPU
	EndGlobalSection
	GlobalSection(SolutionProperties) = preSolution
		HideSolutionNode = FALSE
	EndGlobalSection
	GlobalSection(NestedProjects) = preSolution
		{B511B595-A980-4D5C-BC2A-BCCB4065B433} = {0D7AEFA3-ABB0-4AF1-A4C1-F8E05C241753}
	EndGlobalSection
	GlobalSection(ExtensibilityGlobals) = postSolution
		SolutionGuid = {62D6C4AE-277D-4C0B-A6AD-91A8D411B6B3}
	EndGlobalSection
EndGlobal
